
Microsoft Visual Studio Solution File, Format Version 12.00
# Visual Studio Version 17
VisualStudioVersion = 17.4.33205.214
MinimumVisualStudioVersion = 10.0.40219.1
Project("{FAE04EC0-301F-11D3-BF4B-00C04F79EFBC}") = "Riphah GPA Calculator", "Riphah GPA Calculator.csproj", "{09F5E00E-082A-481B-83FC-37697C426CDA}"
EndProject
Global
	GlobalSection(SolutionConfigurationPlatforms) = preSolution
		Debug|Any CPU = Debug|Any CPU
		Release|Any CPU = Release|Any CPU
	EndGlobalSection
	GlobalSection(ProjectConfigurationPlatforms) = postSolution
		{09F5E00E-082A-481B-83FC-37697C426CDA}.Debug|Any CPU.ActiveCfg = Debug|Any CPU
		{09F5E00E-082A-481B-83FC-37697C426CDA}.Debug|Any CPU.Build.0 = Debug|Any CPU
		{09F5E00E-082A-481B-83FC-37697C426CDA}.Release|Any CPU.ActiveCfg = Release|Any CPU
		{09F5E00E-082A-481B-83FC-37697C426CDA}.Release|Any CPU.Build.0 = Release|Any CPU
	EndGlobalSection
	GlobalSection(SolutionProperties) = preSolution
		HideSolutionNode = FALSE
	EndGlobalSection
	GlobalSection(ExtensibilityGlobals) = postSolution
		SolutionGuid = {4BBCAD18-153A-4F52-80D1-F376C3E3BBB1}
	EndGlobalSection
EndGlobal
